Microsoft Visual Studio Solution File, Format Version 12.00
# Visual Studio Version 17
VisualStudioVersion = 17.5.2.0
MinimumVisualStudioVersion = 10.0.40219.1
Project("{2150E333-8FDC-42A3-9474-1A3956D46DE8}") = "MicroServices", "MicroServices", "{8A367DDA-5161-A942-4F09-60E4726C9306}"
EndProject
Project("{FAE04EC0-301F-11D3-BF4B-00C04F79EFBC}") = "GetOrdersAndTransactionsFromShopify.Api", "MicroServices\GetOrdersAndTransactionsFromShopify.Api\GetOrdersAndTransactionsFromShopify.Api.csproj", "{A54334F9-0A40-7196-A070-76E15091AB5C}"
EndProject
Global
	GlobalSection(SolutionConfigurationPlatforms) = preSolution
		Debug|Any CPU = Debug|Any CPU
		Release|Any CPU = Release|Any CPU
	EndGlobalSection
	GlobalSection(ProjectConfigurationPlatforms) = postSolution
		{A54334F9-0A40-7196-A070-76E15091AB5C}.Debug|Any CPU.ActiveCfg = Debug|Any CPU
		{A54334F9-0A40-7196-A070-76E15091AB5C}.Debug|Any CPU.Build.0 = Debug|Any CPU
		{A54334F9-0A40-7196-A070-76E15091AB5C}.Release|Any CPU.ActiveCfg = Release|Any CPU
		{A54334F9-0A40-7196-A070-76E15091AB5C}.Release|Any CPU.Build.0 = Release|Any CPU
	EndGlobalSection
	GlobalSection(SolutionProperties) = preSolution
		HideSolutionNode = FALSE
	EndGlobalSection
	GlobalSection(NestedProjects) = preSolution
		{A54334F9-0A40-7196-A070-76E15091AB5C} = {8A367DDA-5161-A942-4F09-60E4726C9306}
	EndGlobalSection
	GlobalSection(ExtensibilityGlobals) = postSolution
		SolutionGuid = {06CF88CB-48F8-4505-AFFD-CAFDFBE0A292}
	EndGlobalSection
EndGlobal
